
Microsoft Visual Studio Solution File, Format Version 12.00
# Visual Studio Version 16
VisualStudioVersion = 16.0.29613.14
MinimumVisualStudioVersion = 10.0.40219.1
Project("{9A19103F-16F7-4668-BE54-9A1E7A4F7556}") = "ADSBLib", "ADSBLib\ADSBLib.csproj", "{F2C76CCC-43E3-4763-B4B1-0E3F1AF4170B}"
EndProject
Project("{FAE04EC0-301F-11D3-BF4B-00C04F79EFBC}") = "ADSBLibUnitTests", "ADSBLibUnitTests\ADSBLibUnitTests.csproj", "{0CD74E23-2C76-4EA2-A2D3-32715A14FC3C}"
EndProject
Project("{FAE04EC0-301F-11D3-BF4B-00C04F79EFBC}") = "ADSBCLI", "ADSBCLI\ADSBCLI.csproj", "{2DA32576-B7EF-4A4E-8920-112986217E1F}"
EndProject
Global
	GlobalSection(SolutionConfigurationPlatforms) = preSolution
		Debug|Any CPU = Debug|Any CPU
		Release|Any CPU = Release|Any CPU
	EndGlobalSection
	GlobalSection(ProjectConfigurationPlatforms) = postSolution
		{F2C76CCC-43E3-4763-B4B1-0E3F1AF4170B}.Debug|Any CPU.ActiveCfg = Debug|Any CPU
		{F2C76CCC-43E3-4763-B4B1-0E3F1AF4170B}.Debug|Any CPU.Build.0 = Debug|Any CPU
		{F2C76CCC-43E3-4763-B4B1-0E3F1AF4170B}.Release|Any CPU.ActiveCfg = Release|Any CPU
		{F2C76CCC-43E3-4763-B4B1-0E3F1AF4170B}.Release|Any CPU.Build.0 = Release|Any CPU
		{0CD74E23-2C76-4EA2-A2D3-32715A14FC3C}.Debug|Any CPU.ActiveCfg = Debug|Any CPU
		{0CD74E23-2C76-4EA2-A2D3-32715A14FC3C}.Debug|Any CPU.Build.0 = Debug|Any CPU
		{0CD74E23-2C76-4EA2-A2D3-32715A14FC3C}.Release|Any CPU.ActiveCfg = Release|Any CPU
		{0CD74E23-2C76-4EA2-A2D3-32715A14FC3C}.Release|Any CPU.Build.0 = Release|Any CPU
		{2DA32576-B7EF-4A4E-8920-112986217E1F}.Debug|Any CPU.ActiveCfg = Debug|Any CPU
		{2DA32576-B7EF-4A4E-8920-112986217E1F}.Debug|Any CPU.Build.0 = Debug|Any CPU
		{2DA32576-B7EF-4A4E-8920-112986217E1F}.Release|Any CPU.ActiveCfg = Release|Any CPU
		{2DA32576-B7EF-4A4E-8920-112986217E1F}.Release|Any CPU.Build.0 = Release|Any CPU
	EndGlobalSection
	GlobalSection(SolutionProperties) = preSolution
		HideSolutionNode = FALSE
	EndGlobalSection
	GlobalSection(ExtensibilityGlobals) = postSolution
		SolutionGuid = {839D2181-EAC4-4D97-B03A-2C12A7428377}
	EndGlobalSection
EndGlobal
